
Microsoft Visual Studio Solution File, Format Version 12.00
# Visual Studio 2013
VisualStudioVersion = 12.0.21005.1
MinimumVisualStudioVersion = 10.0.40219.1
Project("{8BC9CEB8-8B4A-11D0-8D11-00A0C91BC942}") = "Red_Black_Tree", "Red_Black_Tree\Red_Black_Tree.vcxproj", "{9F48AFFE-D0F1-448A-8F8A-B6D22AE0C46C}"
EndProject
Global
	GlobalSection(SolutionConfigurationPlatforms) = preSolution
		Debug|Win32 = Debug|Win32
		Release|Win32 = Release|Win32
	EndGlobalSection
	GlobalSection(ProjectConfigurationPlatforms) = postSolution
		{9F48AFFE-D0F1-448A-8F8A-B6D22AE0C46C}.Debug|Win32.ActiveCfg = Debug|Win32
		{9F48AFFE-D0F1-448A-8F8A-B6D22AE0C46C}.Debug|Win32.Build.0 = Debug|Win32
		{9F48AFFE-D0F1-448A-8F8A-B6D22AE0C46C}.Release|Win32.ActiveCfg = Release|Win32
		{9F48AFFE-D0F1-448A-8F8A-B6D22AE0C46C}.Release|Win32.Build.0 = Release|Win32
	EndGlobalSection
	GlobalSection(SolutionProperties) = preSolution
		HideSolutionNode = FALSE
	EndGlobalSection
EndGlobal
